
Microsoft Visual Studio Solution File, Format Version 12.00
# Visual Studio Version 17
VisualStudioVersion = 17.1.32421.90
MinimumVisualStudioVersion = 10.0.40219.1
Project("{FAE04EC0-301F-11D3-BF4B-00C04F79EFBC}") = "MobiRice", "MobiRice\MobiRice.csproj", "{9F9B9A92-124E-4C43-91A2-95DED35F77DC}"
EndProject
Global
	GlobalSection(SolutionConfigurationPlatforms) = preSolution
		Debug|Any CPU = Debug|Any CPU
		Release|Any CPU = Release|Any CPU
	EndGlobalSection
	GlobalSection(ProjectConfigurationPlatforms) = postSolution
		{9F9B9A92-124E-4C43-91A2-95DED35F77DC}.Debug|Any CPU.ActiveCfg = Debug|Any CPU
		{9F9B9A92-124E-4C43-91A2-95DED35F77DC}.Debug|Any CPU.Build.0 = Debug|Any CPU
		{9F9B9A92-124E-4C43-91A2-95DED35F77DC}.Debug|Any CPU.Deploy.0 = Debug|Any CPU
		{9F9B9A92-124E-4C43-91A2-95DED35F77DC}.Release|Any CPU.ActiveCfg = Release|Any CPU
		{9F9B9A92-124E-4C43-91A2-95DED35F77DC}.Release|Any CPU.Build.0 = Release|Any CPU
		{9F9B9A92-124E-4C43-91A2-95DED35F77DC}.Release|Any CPU.Deploy.0 = Release|Any CPU
	EndGlobalSection
	GlobalSection(SolutionProperties) = preSolution
		HideSolutionNode = FALSE
	EndGlobalSection
	GlobalSection(ExtensibilityGlobals) = postSolution
		SolutionGuid = {1324BC03-A091-4B18-B216-FEED36AD6F82}
	EndGlobalSection
EndGlobal
